
Microsoft Visual Studio Solution File, Format Version 12.00
# Visual Studio Version 16
VisualStudioVersion = 16.0.31313.79
MinimumVisualStudioVersion = 10.0.40219.1
Project("{FAE04EC0-301F-11D3-BF4B-00C04F79EFBC}") = "CarFinderApi", "CarFinderApi\CarFinderApi.csproj", "{F1C99419-B4A2-4FC3-BF5A-FDCAA8E330F2}"
EndProject
Project("{FAE04EC0-301F-11D3-BF4B-00C04F79EFBC}") = "CarFinderUI", "CarFinderUI\CarFinderUI.csproj", "{32AE49E7-71A0-43AA-B22C-B8CF4CF33266}"
EndProject
Project("{FAE04EC0-301F-11D3-BF4B-00C04F79EFBC}") = "CarFinderApi.Library", "CarFinderApi.Library\CarFinderApi.Library.csproj", "{2195F0CA-F9EF-425B-A058-C3997025D9F2}"
EndProject
Global
	GlobalSection(SolutionConfigurationPlatforms) = preSolution
		Debug|Any CPU = Debug|Any CPU
		Release|Any CPU = Release|Any CPU
	EndGlobalSection
	GlobalSection(ProjectConfigurationPlatforms) = postSolution
		{F1C99419-B4A2-4FC3-BF5A-FDCAA8E330F2}.Debug|Any CPU.ActiveCfg = Debug|Any CPU
		{F1C99419-B4A2-4FC3-BF5A-FDCAA8E330F2}.Debug|Any CPU.Build.0 = Debug|Any CPU
		{F1C99419-B4A2-4FC3-BF5A-FDCAA8E330F2}.Release|Any CPU.ActiveCfg = Release|Any CPU
		{F1C99419-B4A2-4FC3-BF5A-FDCAA8E330F2}.Release|Any CPU.Build.0 = Release|Any CPU
		{32AE49E7-71A0-43AA-B22C-B8CF4CF33266}.Debug|Any CPU.ActiveCfg = Debug|Any CPU
		{32AE49E7-71A0-43AA-B22C-B8CF4CF33266}.Debug|Any CPU.Build.0 = Debug|Any CPU
		{32AE49E7-71A0-43AA-B22C-B8CF4CF33266}.Release|Any CPU.ActiveCfg = Release|Any CPU
		{32AE49E7-71A0-43AA-B22C-B8CF4CF33266}.Release|Any CPU.Build.0 = Release|Any CPU
		{2195F0CA-F9EF-425B-A058-C3997025D9F2}.Debug|Any CPU.ActiveCfg = Debug|Any CPU
		{2195F0CA-F9EF-425B-A058-C3997025D9F2}.Debug|Any CPU.Build.0 = Debug|Any CPU
		{2195F0CA-F9EF-425B-A058-C3997025D9F2}.Release|Any CPU.ActiveCfg = Release|Any CPU
		{2195F0CA-F9EF-425B-A058-C3997025D9F2}.Release|Any CPU.Build.0 = Release|Any CPU
	EndGlobalSection
	GlobalSection(SolutionProperties) = preSolution
		HideSolutionNode = FALSE
	EndGlobalSection
	GlobalSection(ExtensibilityGlobals) = postSolution
		SolutionGuid = {BA291D85-2882-4B71-AE2C-4A33ECA609AF}
	EndGlobalSection
EndGlobal
