
Microsoft Visual Studio Solution File, Format Version 12.00
# Visual Studio Version 16
VisualStudioVersion = 16.0.31313.79
MinimumVisualStudioVersion = 10.0.40219.1
Project("{9A19103F-16F7-4668-BE54-9A1E7A4F7556}") = "CarFinderApi", "CarFinderApi\CarFinderApi.csproj", "{F1C99419-B4A2-4FC3-BF5A-FDCAA8E330F2}"
EndProject
Project("{9A19103F-16F7-4668-BE54-9A1E7A4F7556}") = "CarFinderApi.Library", "CarFinderApi.Library\CarFinderApi.Library.csproj", "{2195F0CA-F9EF-425B-A058-C3997025D9F2}"
EndProject
Project("{9A19103F-16F7-4668-BE54-9A1E7A4F7556}") = "CarFinderUI", "CarFinderUI\CarFinderUI.csproj", "{EE1FDC4E-CA40-420C-A83C-0F30D00041BE}"
EndProject
Project("{9A19103F-16F7-4668-BE54-9A1E7A4F7556}") = "CarFinderUI.Library", "CarFinderUI.Library\CarFinderUI.Library.csproj", "{17C15710-95BE-40B7-AF71-CDC38E290318}"
EndProject
Project("{9A19103F-16F7-4668-BE54-9A1E7A4F7556}") = "CarFinderUI.Blazor", "CarFinderUI.Blazor\CarFinderUI.Blazor.csproj", "{0D62AF5A-1948-4207-A858-53C33E3C613B}"
EndProject
Global
	GlobalSection(SolutionConfigurationPlatforms) = preSolution
		Debug|Any CPU = Debug|Any CPU
		Release|Any CPU = Release|Any CPU
	EndGlobalSection
	GlobalSection(ProjectConfigurationPlatforms) = postSolution
		{F1C99419-B4A2-4FC3-BF5A-FDCAA8E330F2}.Debug|Any CPU.ActiveCfg = Debug|Any CPU
		{F1C99419-B4A2-4FC3-BF5A-FDCAA8E330F2}.Debug|Any CPU.Build.0 = Debug|Any CPU
		{F1C99419-B4A2-4FC3-BF5A-FDCAA8E330F2}.Release|Any CPU.ActiveCfg = Release|Any CPU
		{F1C99419-B4A2-4FC3-BF5A-FDCAA8E330F2}.Release|Any CPU.Build.0 = Release|Any CPU
		{2195F0CA-F9EF-425B-A058-C3997025D9F2}.Debug|Any CPU.ActiveCfg = Debug|Any CPU
		{2195F0CA-F9EF-425B-A058-C3997025D9F2}.Debug|Any CPU.Build.0 = Debug|Any CPU
		{2195F0CA-F9EF-425B-A058-C3997025D9F2}.Release|Any CPU.ActiveCfg = Release|Any CPU
		{2195F0CA-F9EF-425B-A058-C3997025D9F2}.Release|Any CPU.Build.0 = Release|Any CPU
		{EE1FDC4E-CA40-420C-A83C-0F30D00041BE}.Debug|Any CPU.ActiveCfg = Debug|Any CPU
		{EE1FDC4E-CA40-420C-A83C-0F30D00041BE}.Debug|Any CPU.Build.0 = Debug|Any CPU
		{EE1FDC4E-CA40-420C-A83C-0F30D00041BE}.Release|Any CPU.ActiveCfg = Release|Any CPU
		{EE1FDC4E-CA40-420C-A83C-0F30D00041BE}.Release|Any CPU.Build.0 = Release|Any CPU
		{17C15710-95BE-40B7-AF71-CDC38E290318}.Debug|Any CPU.ActiveCfg = Debug|Any CPU
		{17C15710-95BE-40B7-AF71-CDC38E290318}.Debug|Any CPU.Build.0 = Debug|Any CPU
		{17C15710-95BE-40B7-AF71-CDC38E290318}.Release|Any CPU.ActiveCfg = Release|Any CPU
		{17C15710-95BE-40B7-AF71-CDC38E290318}.Release|Any CPU.Build.0 = Release|Any CPU
		{0D62AF5A-1948-4207-A858-53C33E3C613B}.Debug|Any CPU.ActiveCfg = Debug|Any CPU
		{0D62AF5A-1948-4207-A858-53C33E3C613B}.Debug|Any CPU.Build.0 = Debug|Any CPU
		{0D62AF5A-1948-4207-A858-53C33E3C613B}.Release|Any CPU.ActiveCfg = Release|Any CPU
		{0D62AF5A-1948-4207-A858-53C33E3C613B}.Release|Any CPU.Build.0 = Release|Any CPU
	EndGlobalSection
	GlobalSection(SolutionProperties) = preSolution
		HideSolutionNode = FALSE
	EndGlobalSection
	GlobalSection(ExtensibilityGlobals) = postSolution
		SolutionGuid = {BA291D85-2882-4B71-AE2C-4A33ECA609AF}
	EndGlobalSection
EndGlobal
